
Microsoft Visual Studio Solution File, Format Version 12.00
# Visual Studio 15
VisualStudioVersion = 15.0.28307.1145
MinimumVisualStudioVersion = 10.0.40219.1
Project("{FAE04EC0-301F-11D3-BF4B-00C04F79EFBC}") = "client_test", "client_test\client_test.csproj", "{D61C8BA0-4BD6-4530-96DD-F4AC42D3695C}"
EndProject
Project("{FAE04EC0-301F-11D3-BF4B-00C04F79EFBC}") = "server_test", "server_test\server_test.csproj", "{A648BCA0-6181-41C2-AF9A-A3C30DD458CD}"
EndProject
Global
	GlobalSection(SolutionConfigurationPlatforms) = preSolution
		Debug|Any CPU = Debug|Any CPU
		Release|Any CPU = Release|Any CPU
	EndGlobalSection
	GlobalSection(ProjectConfigurationPlatforms) = postSolution
		{D61C8BA0-4BD6-4530-96DD-F4AC42D3695C}.Debug|Any CPU.ActiveCfg = Debug|Any CPU
		{D61C8BA0-4BD6-4530-96DD-F4AC42D3695C}.Debug|Any CPU.Build.0 = Debug|Any CPU
		{D61C8BA0-4BD6-4530-96DD-F4AC42D3695C}.Release|Any CPU.ActiveCfg = Release|Any CPU
		{D61C8BA0-4BD6-4530-96DD-F4AC42D3695C}.Release|Any CPU.Build.0 = Release|Any CPU
		{A648BCA0-6181-41C2-AF9A-A3C30DD458CD}.Debug|Any CPU.ActiveCfg = Debug|Any CPU
		{A648BCA0-6181-41C2-AF9A-A3C30DD458CD}.Debug|Any CPU.Build.0 = Debug|Any CPU
		{A648BCA0-6181-41C2-AF9A-A3C30DD458CD}.Release|Any CPU.ActiveCfg = Release|Any CPU
		{A648BCA0-6181-41C2-AF9A-A3C30DD458CD}.Release|Any CPU.Build.0 = Release|Any CPU
	EndGlobalSection
	GlobalSection(SolutionProperties) = preSolution
		HideSolutionNode = FALSE
	EndGlobalSection
	GlobalSection(ExtensibilityGlobals) = postSolution
		SolutionGuid = {70BC64EB-EDA9-4751-BB9F-1342A4E01FCC}
	EndGlobalSection
EndGlobal
